
Microsoft Visual Studio Solution File, Format Version 12.00
# Visual Studio 2013
VisualStudioVersion = 12.0.31101.0
MinimumVisualStudioVersion = 10.0.40219.1
Project("{FAE04EC0-301F-11D3-BF4B-00C04F79EFBC}") = "LabClases2", "LabClases2\LabClases2.csproj", "{8E862CB1-47D8-4927-9F73-F0A7107E36BA}"
EndProject
Project("{FAE04EC0-301F-11D3-BF4B-00C04F79EFBC}") = "Clases", "Clases\Clases.csproj", "{4FEE67AE-8202-4382-88CE-AA2B24F7005C}"
EndProject
Global
	GlobalSection(SolutionConfigurationPlatforms) = preSolution
		Debug|Any CPU = Debug|Any CPU
		Release|Any CPU = Release|Any CPU
	EndGlobalSection
	GlobalSection(ProjectConfigurationPlatforms) = postSolution
		{8E862CB1-47D8-4927-9F73-F0A7107E36BA}.Debug|Any CPU.ActiveCfg = Debug|Any CPU
		{8E862CB1-47D8-4927-9F73-F0A7107E36BA}.Debug|Any CPU.Build.0 = Debug|Any CPU
		{8E862CB1-47D8-4927-9F73-F0A7107E36BA}.Release|Any CPU.ActiveCfg = Release|Any CPU
		{8E862CB1-47D8-4927-9F73-F0A7107E36BA}.Release|Any CPU.Build.0 = Release|Any CPU
		{4FEE67AE-8202-4382-88CE-AA2B24F7005C}.Debug|Any CPU.ActiveCfg = Debug|Any CPU
		{4FEE67AE-8202-4382-88CE-AA2B24F7005C}.Debug|Any CPU.Build.0 = Debug|Any CPU
		{4FEE67AE-8202-4382-88CE-AA2B24F7005C}.Release|Any CPU.ActiveCfg = Release|Any CPU
		{4FEE67AE-8202-4382-88CE-AA2B24F7005C}.Release|Any CPU.Build.0 = Release|Any CPU
	EndGlobalSection
	GlobalSection(SolutionProperties) = preSolution
		HideSolutionNode = FALSE
	EndGlobalSection
EndGlobal
